
Microsoft Visual Studio Solution File, Format Version 12.00
# Visual Studio 2012
Project("{FAE04EC0-301F-11D3-BF4B-00C04F79EFBC}") = "StraightPoolScore.Web", "StraightPoolScore.Web\StraightPoolScore.Web.csproj", "{C1C19CFC-967E-44F3-A040-C8038254F49E}"
EndProject
Project("{FAE04EC0-301F-11D3-BF4B-00C04F79EFBC}") = "StraightPoolScore.Web.Tests", "StraightPoolScore.Web.Tests\StraightPoolScore.Web.Tests.csproj", "{64A96C3D-BACF-43CF-8FB0-F1172D1241BA}"
EndProject
Project("{FAE04EC0-301F-11D3-BF4B-00C04F79EFBC}") = "StraightPoolScore", "StraightPoolScore\StraightPoolScore.csproj", "{49B61DA4-7266-4426-83BE-56311D2BE915}"
EndProject
Project("{FAE04EC0-301F-11D3-BF4B-00C04F79EFBC}") = "StraightPoolScore.Tests", "StraightPoolScore.Tests\StraightPoolScore.Tests.csproj", "{356C558B-3994-4966-82C3-DFFDC250C0BC}"
EndProject
Project("{2150E333-8FDC-42A3-9474-1A3956D46DE8}") = ".nuget", ".nuget", "{6E417481-DB8A-4AEE-9368-874A2A7A2E7C}"
	ProjectSection(SolutionItems) = preProject
		.nuget\NuGet.Config = .nuget\NuGet.Config
		.nuget\NuGet.exe = .nuget\NuGet.exe
		.nuget\NuGet.targets = .nuget\NuGet.targets
	EndProjectSection
EndProject
Global
	GlobalSection(SolutionConfigurationPlatforms) = preSolution
		Debug|Any CPU = Debug|Any CPU
		Release|Any CPU = Release|Any CPU
	EndGlobalSection
	GlobalSection(ProjectConfigurationPlatforms) = postSolution
		{C1C19CFC-967E-44F3-A040-C8038254F49E}.Debug|Any CPU.ActiveCfg = Debug|Any CPU
		{C1C19CFC-967E-44F3-A040-C8038254F49E}.Debug|Any CPU.Build.0 = Debug|Any CPU
		{C1C19CFC-967E-44F3-A040-C8038254F49E}.Release|Any CPU.ActiveCfg = Release|Any CPU
		{C1C19CFC-967E-44F3-A040-C8038254F49E}.Release|Any CPU.Build.0 = Release|Any CPU
		{64A96C3D-BACF-43CF-8FB0-F1172D1241BA}.Debug|Any CPU.ActiveCfg = Debug|Any CPU
		{64A96C3D-BACF-43CF-8FB0-F1172D1241BA}.Debug|Any CPU.Build.0 = Debug|Any CPU
		{64A96C3D-BACF-43CF-8FB0-F1172D1241BA}.Release|Any CPU.ActiveCfg = Release|Any CPU
		{64A96C3D-BACF-43CF-8FB0-F1172D1241BA}.Release|Any CPU.Build.0 = Release|Any CPU
		{49B61DA4-7266-4426-83BE-56311D2BE915}.Debug|Any CPU.ActiveCfg = Debug|Any CPU
		{49B61DA4-7266-4426-83BE-56311D2BE915}.Debug|Any CPU.Build.0 = Debug|Any CPU
		{49B61DA4-7266-4426-83BE-56311D2BE915}.Release|Any CPU.ActiveCfg = Release|Any CPU
		{49B61DA4-7266-4426-83BE-56311D2BE915}.Release|Any CPU.Build.0 = Release|Any CPU
		{356C558B-3994-4966-82C3-DFFDC250C0BC}.Debug|Any CPU.ActiveCfg = Debug|Any CPU
		{356C558B-3994-4966-82C3-DFFDC250C0BC}.Debug|Any CPU.Build.0 = Debug|Any CPU
		{356C558B-3994-4966-82C3-DFFDC250C0BC}.Release|Any CPU.ActiveCfg = Release|Any CPU
		{356C558B-3994-4966-82C3-DFFDC250C0BC}.Release|Any CPU.Build.0 = Release|Any CPU
	EndGlobalSection
	GlobalSection(SolutionProperties) = preSolution
		HideSolutionNode = FALSE
	EndGlobalSection
EndGlobal
